
Microsoft Visual Studio Solution File, Format Version 12.00
# Visual Studio Version 17
VisualStudioVersion = 17.13.35806.99 d17.13
MinimumVisualStudioVersion = 10.0.40219.1
Project("{FAE04EC0-301F-11D3-BF4B-00C04F79EFBC}") = "Final-Project!-Space-Guy", "Final-Project!-Space-Guy\Final-Project!-Space-Guy.csproj", "{5AFE5AB9-4598-4F7F-8320-0086396D7098}"
EndProject
Project("{FAE04EC0-301F-11D3-BF4B-00C04F79EFBC}") = "Tests", "Tests\Tests.csproj", "{89177EC8-F68A-4AC2-8C7B-270ECE865809}"
EndProject
Global
	GlobalSection(SolutionConfigurationPlatforms) = preSolution
		Debug|Any CPU = Debug|Any CPU
		Release|Any CPU = Release|Any CPU
	EndGlobalSection
	GlobalSection(ProjectConfigurationPlatforms) = postSolution
		{5AFE5AB9-4598-4F7F-8320-0086396D7098}.Debug|Any CPU.ActiveCfg = Debug|Any CPU
		{5AFE5AB9-4598-4F7F-8320-0086396D7098}.Debug|Any CPU.Build.0 = Debug|Any CPU
		{5AFE5AB9-4598-4F7F-8320-0086396D7098}.Release|Any CPU.ActiveCfg = Release|Any CPU
		{5AFE5AB9-4598-4F7F-8320-0086396D7098}.Release|Any CPU.Build.0 = Release|Any CPU
		{89177EC8-F68A-4AC2-8C7B-270ECE865809}.Debug|Any CPU.ActiveCfg = Debug|Any CPU
		{89177EC8-F68A-4AC2-8C7B-270ECE865809}.Debug|Any CPU.Build.0 = Debug|Any CPU
		{89177EC8-F68A-4AC2-8C7B-270ECE865809}.Release|Any CPU.ActiveCfg = Release|Any CPU
		{89177EC8-F68A-4AC2-8C7B-270ECE865809}.Release|Any CPU.Build.0 = Release|Any CPU
	EndGlobalSection
	GlobalSection(SolutionProperties) = preSolution
		HideSolutionNode = FALSE
	EndGlobalSection
	GlobalSection(ExtensibilityGlobals) = postSolution
		SolutionGuid = {D1237BA1-3F58-4153-97B9-D9F136BB2B5B}
	EndGlobalSection
EndGlobal
